// !$*UTF8*$!
{
	archiveVersion = 1;
	classes = {
	};
	objectVersion = 46;
	objects = {

/* Begin PBXBuildFile section */
		5DD019911F6FD18C0089AADD /* AppDelegate.swift in Sources */ = {isa = PBXBuildFile; fileRef = 5DD019901F6FD18C0089AADD /* AppDelegate.swift */; };
		5DD019931F6FD18C0089AADD /* MenuViewController.swift in Sources */ = {isa = PBXBuildFile; fileRef = 5DD019921F6FD18C0089AADD /* MenuViewController.swift */; };
		5DD019961F6FD18C0089AADD /* Main.storyboard in Resources */ = {isa = PBXBuildFile; fileRef = 5DD019941F6FD18C0089AADD /* Main.storyboard */; };
		5DD019981F6FD18C0089AADD /* Assets.xcassets in Resources */ = {isa = PBXBuildFile; fileRef = 5DD019971F6FD18C0089AADD /* Assets.xcassets */; };
		5DD0199B1F6FD18C0089AADD /* LaunchScreen.storyboard in Resources */ = {isa = PBXBuildFile; fileRef = 5DD019991F6FD18C0089AADD /* LaunchScreen.storyboard */; };
/* End PBXBuildFile section */

/* Begin PBXFileReference section */
		5DD0198D1F6FD18C0089AADD /* PageNavigationSample.app */ = {isa = PBXFileReference; explicitFileType = wrapper.application; includeInIndex = 0; path = PageNavigationSample.app; sourceTree = BUILT_PRODUCTS_DIR; };
		5DD019901F6FD18C0089AADD /* AppDelegate.swift */ = {isa = PBXFileReference; lastKnownFileType = sourcecode.swift; path = AppDelegate.swift; sourceTree = "<group>"; };
		5DD019921F6FD18C0089AADD /* MenuViewController.swift */ = {isa = PBXFileReference; lastKnownFileType = sourcecode.swift; path = MenuViewController.swift; sourceTree = "<group>"; };
		5DD019951F6FD18C0089AADD /* Base */ = {isa = PBXFileReference; lastKnownFileType = file.storyboard; name = Base; path = Base.lproj/Main.storyboard; sourceTree = "<group>"; };
		5DD019971F6FD18C0089AADD /* Assets.xcassets */ = {isa = PBXFileReference; lastKnownFileType = folder.assetcatalog; path = Assets.xcassets; sourceTree = "<group>"; };
		5DD0199A1F6FD18C0089AADD /* Base */ = {isa = PBXFileReference; lastKnownFileType = file.storyboard; name = Base; path = Base.lproj/LaunchScreen.storyboard; sourceTree = "<group>"; };
		5DD0199C1F6FD18C0089AADD /* Info.plist */ = {isa = PBXFileReference; lastKnownFileType = text.plist.xml; path = Info.plist; sourceTree = "<group>"; };
/* End PBXFileReference section */

/* Begin PBXFrameworksBuildPhase section */
		5DD0198A1F6FD18C0089AADD /* Frameworks */ = {
			isa = PBXFrameworksBuildPhase;
			buildActionMask = 2147483647;
			files = (
			);
			runOnlyForDeploymentPostprocessing = 0;
		};
/* End PBXFrameworksBuildPhase section */

/* Begin PBXGroup section */
		5DD019841F6FD18C0089AADD = {
			isa = PBXGroup;
			children = (
				5DD0198F1F6FD18C0089AADD /* PageNavigationSample */,
				5DD0198E1F6FD18C0089AADD /* Products */,
			);
			sourceTree = "<group>";
		};
		5DD0198E1F6FD18C0089AADD /* Products */ = {
			isa = PBXGroup;
			children = (
				5DD0198D1F6FD18C0089AADD /* PageNavigationSample.app */,
			);
			name = Products;
			sourceTree = "<group>";
		};
		5DD0198F1F6FD18C0089AADD /* PageNavigationSample */ = {
			isa = PBXGroup;
			children = (
				5DD019901F6FD18C0089AADD /* AppDelegate.swift */,
				5DD019921F6FD18C0089AADD /* MenuViewController.swift */,
				5DD019941F6FD18C0089AADD /* Main.storyboard */,
				5DD019971F6FD18C0089AADD /* Assets.xcassets */,
				5DD019991F6FD18C0089AADD /* LaunchScreen.storyboard */,
				5DD0199C1F6FD18C0089AADD /* Info.plist */,
			);
			path = PageNavigationSample;
			sourceTree = "<group>";
		};
/* End PBXGroup section */

/* Begin PBXNativeTarget section */
		5DD0198C1F6FD18C0089AADD /* PageNavigationSample */ = {
			isa = PBXNativeTarget;
			buildConfigurationList = 5DD0199F1F6FD18C0089AADD /* Build configuration list for PBXNativeTarget "PageNavigationSample" */;
			buildPhases = (
				5DD019891F6FD18C0089AADD /* Sources */,
				5DD0198A1F6FD18C0089AADD /* Frameworks */,
				5DD0198B1F6FD18C0089AADD /* Resources */,
			);
			buildRules = (
			);
			dependencies = (
			);
			name = PageNavigationSample;
			productName = PageNavigationSample;
			productReference = 5DD0198D1F6FD18C0089AADD /* PageNavigationSample.app */;
			productType = "com.apple.product-type.application";
		};
/* End PBXNativeTarget section */

/* Begin PBXProject section */
		5DD019851F6FD18C0089AADD /* Project object */ = {
			isa = PBXProject;
			attributes = {
				LastSwiftUpdateCheck = 0830;
				LastUpgradeCheck = 0830;
				ORGANIZATIONNAME = tinkoff;
				TargetAttributes = {
					5DD0198C1F6FD18C0089AADD = {
						CreatedOnToolsVersion = 8.3.3;
						ProvisioningStyle = Automatic;
					};
				};
			};
			buildConfigurationList = 5DD019881F6FD18C0089AADD /* Build configuration list for PBXProject "PageNavigationSample" */;
			compatibilityVersion = "Xcode 3.2";
			developmentRegion = English;
			hasScannedForEncodings = 0;
			knownRegions = (
				en,
				Base,
			);
			mainGroup = 5DD019841F6FD18C0089AADD;
			productRefGroup = 5DD0198E1F6FD18C0089AADD /* Products */;
			projectDirPath = "";
			projectRoot = "";
			targets = (
				5DD0198C1F6FD18C0089AADD /* PageNavigationSample */,
			);
		};
/* End PBXProject section */

/* Begin PBXResourcesBuildPhase section */
		5DD0198B1F6FD18C0089AADD /* Resources */ = {
			isa = PBXResourcesBuildPhase;
			buildActionMask = 2147483647;
			files = (
				5DD0199B1F6FD18C0089AADD /* LaunchScreen.storyboard in Resources */,
				5DD019981F6FD18C0089AADD /* Assets.xcassets in Resources */,
				5DD019961F6FD18C0089AADD /* Main.storyboard in Resources */,
			);
			runOnlyForDeploymentPostprocessing = 0;
		};
/* End PBXResourcesBuildPhase section */

/* Begin PBXSourcesBuildPhase section */
		5DD019891F6FD18C0089AADD /* Sources */ = {
			isa = PBXSourcesBuildPhase;
			buildActionMask = 2147483647;
			files = (
				5DD019931F6FD18C0089AADD /* MenuViewController.swift in Sources */,
				5DD019911F6FD18C0089AADD /* AppDelegate.swift in Sources */,
			);
			runOnlyForDeploymentPostprocessing = 0;
		};
/* End PBXSourcesBuildPhase section */

/* Begin PBXVariantGroup section */
		5DD019941F6FD18C0089AADD /* Main.storyboard */ = {
			isa = PBXVariantGroup;
			children = (
				5DD019951F6FD18C0089AADD /* Base */,
			);
			name = Main.storyboard;
			sourceTree = "<group>";
		};
		5DD019991F6FD18C0089AADD /* LaunchScreen.storyboard */ = {
			isa = PBXVariantGroup;
			children = (
				5DD0199A1F6FD18C0089AADD /* Base */,
			);
			name = LaunchScreen.storyboard;
			sourceTree = "<group>";
		};
/* End PBXVariantGroup section */

/* Begin XCBuildConfiguration section */
		5DD0199D1F6FD18C0089AADD /* Debug */ = {
			isa = XCBuildConfiguration;
			buildSettings = {
				ALWAYS_SEARCH_USER_PATHS = NO;
				CLANG_ANALYZER_NONNULL = YES;
				CLANG_ANALYZER_NUMBER_OBJECT_CONVERSION = YES_AGGRESSIVE;
				CLANG_CXX_LANGUAGE_STANDARD = "gnu++0x";
				CLANG_CXX_LIBRARY = "libc++";
				CLANG_ENABLE_MODULES = YES;
				CLANG_ENABLE_OBJC_ARC = YES;
				CLANG_WARN_BOOL_CONVERSION = YES;
				CLANG_WARN_CONSTANT_CONVERSION = YES;
				CLANG_WARN_DIRECT_OBJC_ISA_USAGE = YES_ERROR;
				CLANG_WARN_DOCUMENTATION_COMMENTS = YES;
				CLANG_WARN_EMPTY_BODY = YES;
				CLANG_WARN_ENUM_CONVERSION = YES;
				CLANG_WARN_INFINITE_RECURSION = YES;
				CLANG_WARN_INT_CONVERSION = YES;
				CLANG_WARN_OBJC_ROOT_CLASS = YES_ERROR;
				CLANG_WARN_SUSPICIOUS_MOVE = YES;
				CLANG_WARN_UNREACHABLE_CODE = YES;
				CLANG_WARN__DUPLICATE_METHOD_MATCH = YES;
				"CODE_SIGN_IDENTITY[sdk=iphoneos*]" = "iPhone Developer";
				COPY_PHASE_STRIP = NO;
				DEBUG_INFORMATION_FORMAT = dwarf;
				ENABLE_STRICT_OBJC_MSGSEND = YES;
				ENABLE_TESTABILITY = YES;
				GCC_C_LANGUAGE_STANDARD = gnu99;
				GCC_DYNAMIC_NO_PIC = NO;
				GCC_NO_COMMON_BLOCKS = YES;
				GCC_OPTIMIZATION_LEVEL = 0;
				GCC_PREPROCESSOR_DEFINITIONS = (
					"DEBUG=1",
					"$(inherited)",
				);
				GCC_WARN_64_TO_32_BIT_CONVERSION = YES;
				GCC_WARN_ABOUT_RETURN_TYPE = YES_ERROR;
				GCC_WARN_UNDECLARED_SELECTOR = YES;
				GCC_WARN_UNINITIALIZED_AUTOS = YES_AGGRESSIVE;
				GCC_WARN_UNUSED_FUNCTION = YES;
				GCC_WARN_UNUSED_VARIABLE = YES;
				IPHONEOS_DEPLOYMENT_TARGET = 10.3;
				MTL_ENABLE_DEBUG_INFO = YES;
				ONLY_ACTIVE_ARCH = YES;
				SDKROOT = iphoneos;
				SWIFT_ACTIVE_COMPILATION_CONDITIONS = DEBUG;
				SWIFT_OPTIMIZATION_LEVEL = "-Onone";
			};
			name = Debug;
		};
		5DD0199E1F6FD18C0089AADD /* Release */ = {
			isa = XCBuildConfiguration;
			buildSettings = {
				ALWAYS_SEARCH_USER_PATHS = NO;
				CLANG_ANALYZER_NONNULL = YES;
				CLANG_ANALYZER_NUMBER_OBJECT_CONVERSION = YES_AGGRESSIVE;
				CLANG_CXX_LANGUAGE_STANDARD = "gnu++0x";
				CLANG_CXX_LIBRARY = "libc++";
				CLANG_ENABLE_MODULES = YES;
				CLANG_ENABLE_OBJC_ARC = YES;
				CLANG_WARN_BOOL_CONVERSION = YES;
				CLANG_WARN_CONSTANT_CONVERSION = YES;
				CLANG_WARN_DIRECT_OBJC_ISA_USAGE = YES_ERROR;
				CLANG_WARN_DOCUMENTATION_COMMENTS = YES;
				CLANG_WARN_EMPTY_BODY = YES;
				CLANG_WARN_ENUM_CONVERSION = YES;
				CLANG_WARN_INFINITE_RECURSION = YES;
				CLANG_WARN_INT_CONVERSION = YES;
				CLANG_WARN_OBJC_ROOT_CLASS = YES_ERROR;
				CLANG_WARN_SUSPICIOUS_MOVE = YES;
				CLANG_WARN_UNREACHABLE_CODE = YES;
				CLANG_WARN__DUPLICATE_METHOD_MATCH = YES;
				"CODE_SIGN_IDENTITY[sdk=iphoneos*]" = "iPhone Developer";
				COPY_PHASE_STRIP = NO;
				DEBUG_INFORMATION_FORMAT = "dwarf-with-dsym";
				ENABLE_NS_ASSERTIONS = NO;
				ENABLE_STRICT_OBJC_MSGSEND = YES;
				GCC_C_LANGUAGE_STANDARD = gnu99;
				GCC_NO_COMMON_BLOCKS = YES;
				GCC_WARN_64_TO_32_BIT_CONVERSION = YES;
				GCC_WARN_ABOUT_RETURN_TYPE = YES_ERROR;
				GCC_WARN_UNDECLARED_SELECTOR = YES;
				GCC_WARN_UNINITIALIZED_AUTOS = YES_AGGRESSIVE;
				GCC_WARN_UNUSED_FUNCTION = YES;
				GCC_WARN_UNUSED_VARIABLE = YES;
				IPHONEOS_DEPLOYMENT_TARGET = 10.3;
				MTL_ENABLE_DEBUG_INFO = NO;
				SDKROOT = iphoneos;
				SWIFT_OPTIMIZATION_LEVEL = "-Owholemodule";
				VALIDATE_PRODUCT = YES;
			};
			name = Release;
		};
		5DD019A01F6FD18C0089AADD /* Debug */ = {
			isa = XCBuildConfiguration;
			buildSettings = {
				ASSETCATALOG_COMPILER_APPICON_NAME = AppIcon;
				INFOPLIST_FILE = PageNavigationSample/Info.plist;
				LD_RUNPATH_SEARCH_PATHS = "$(inherited) @executable_path/Frameworks";
				PRODUCT_BUNDLE_IDENTIFIER = tinkoff.PageNavigationSample;
				PRODUCT_NAME = "$(TARGET_NAME)";
				SWIFT_VERSION = 3.0;
			};
			name = Debug;
		};
		5DD019A11F6FD18C0089AADD /* Release */ = {
			isa = XCBuildConfiguration;
			buildSettings = {
				ASSETCATALOG_COMPILER_APPICON_NAME = AppIcon;
				INFOPLIST_FILE = PageNavigationSample/Info.plist;
				LD_RUNPATH_SEARCH_PATHS = "$(inherited) @executable_path/Frameworks";
				PRODUCT_BUNDLE_IDENTIFIER = tinkoff.PageNavigationSample;
				PRODUCT_NAME = "$(TARGET_NAME)";
				SWIFT_VERSION = 3.0;
			};
			name = Release;
		};
/* End XCBuildConfiguration section */

/* Begin XCConfigurationList section */
		5DD019881F6FD18C0089AADD /* Build configuration list for PBXProject "PageNavigationSample" */ = {
			isa = XCConfigurationList;
			buildConfigurations = (
				5DD0199D1F6FD18C0089AADD /* Debug */,
				5DD0199E1F6FD18C0089AADD /* Release */,
			);
			defaultConfigurationIsVisible = 0;
			defaultConfigurationName = Release;
		};
		5DD0199F1F6FD18C0089AADD /* Build configuration list for PBXNativeTarget "PageNavigationSample" */ = {
			isa = XCConfigurationList;
			buildConfigurations = (
				5DD019A01F6FD18C0089AADD /* Debug */,
				5DD019A11F6FD18C0089AADD /* Release */,
			);
			defaultConfigurationIsVisible = 0;
		};
/* End XCConfigurationList section */
	};
	rootObject = 5DD019851F6FD18C0089AADD /* Project object */;
}
